version = 1
revision = 2
requires-python = ">=3.12"

[[package]]
name = "arpeggio"
version = "2.0.2"
source = { registry = "https://pypi.org/simple" }
sdist = { url = "https://files.pythonhosted.org/packages/12/c4/516bb54456f85ad1947702ea4cef543a59de66d31a9887dbc3d9df36e3e1/Arpeggio-2.0.2.tar.gz", hash = "sha256:c790b2b06e226d2dd468e4fbfb5b7f506cec66416031fde1441cf1de2a0ba700", size = 766643, upload-time = "2023-07-09T12:30:04.737Z" }
wheels = [
    { url = "https://files.pythonhosted.org/packages/f7/4f/d28bf30a19d4649b40b501d531b44e73afada99044df100380fd9567e92f/Arpeggio-2.0.2-py2.py3-none-any.whl", hash = "sha256:f7c8ae4f4056a89e020c24c7202ac8df3e2bc84e416746f20b0da35bb1de0250", size = 55287, upload-time = "2023-07-09T12:30:01.87Z" },
]

[[package]]
name = "astropy"
version = "5.3.4"
source = { registry = "https://pypi.org/simple" }
dependencies = [
    { name = "numpy" },
    { name = "packaging" },
    { name = "pyerfa" },
    { name = "pyyaml" },
]
sdist = { url = "https://files.pythonhosted.org/packages/98/bd/9bf004a1b3f10f9c8e82e3aed87297aa79914bef8619182f8bcf414c9c69/astropy-5.3.4.tar.gz", hash = "sha256:d490f7e2faac2ccc01c9244202d629154259af8a979104ced89dc4ace4e6f1d8", size = 7811582, upload-time = "2023-10-04T17:16:47.819Z" }
wheels = [
    { url = "https://files.pythonhosted.org/packages/b9/96/f6bf5985b4c96678adf0bf293842c6d8d045fa319c9936cf79f118c1f640/astropy-5.3.4-cp312-cp312-macosx_10_9_x86_64.whl", hash = "sha256:887db411555692fb1858ae305f87fd2ff42a021b68c78abbf3fa1fc64641e895", size = 7062882, upload-time = "2023-10-04T17:16:16.398Z" },
    { url = "https://files.pythonhosted.org/packages/d5/dd/93ad003aca155e7642413777d294ee71ed3a4d79a99c4b06ddd99c6d91eb/astropy-5.3.4-cp312-cp312-macosx_11_0_arm64.whl", hash = "sha256:e4033d7a6bd2da38b83ec65f7282dfeb2641f2b2d41b1cd392cdbe3d6f8abfff", size = 6959514, upload-time = "2023-10-04T17:16:18.684Z" },
    { url = "https://files.pythonhosted.org/packages/a2/a3/6df21bb2d9862926e3124dad9546baa45ecdc3a9288afd7735c1ad02b7b6/astropy-5.3.4-cp312-cp312-manylinux_2_17_aarch64.manylinux2014_aarch64.whl", hash = "sha256:d2cc6503b79d4fb61ca80e1d37dd609fabca6d2e0124e17f831cc08c2e6ff75e", size = 10251849, upload-time = "2023-10-04T17:16:20.606Z" },
    { url = "https://files.pythonhosted.org/packages/11/22/feb62f8a539219817d52cc206f046cac604bf6962e135e7b9eab59fc4e6b/astropy-5.3.4-cp312-cp312-manylinux_2_17_x86_64.manylinux2014_x86_64.whl", hash = "sha256:6f3f9fe1d76d151428a8d2bc7d50f4a47ae6e7141c11880a3ad259ac7b906b03", size = 10343528, upload-time = "2023-10-04T17:16:22.822Z" },
    { url = "https://files.pythonhosted.org/packages/91/87/757b7280db8718f923e10f629d74f00782999a409cb558eee813d8c90bd1/astropy-5.3.4-cp312-cp312-musllinux_1_1_x86_64.whl", hash = "sha256:6e0f7ecbb2a8acb3eace99bcaca30dd1ce001e6f4750a009fd9cc3b8d1b49c58", size = 10364825, upload-time = "2023-10-04T17:16:25.237Z" },
    { url = "https://files.pythonhosted.org/packages/d3/24/76d33b8846c138c88ff590ba99bc46c2beaa5ba81a4b2b392a57b55dfb77/astropy-5.3.4-cp312-cp312-win32.whl", hash = "sha256:d915e6370315a1a6a40c2576e77d0063f48cc3b5f8873087cad8ad19dd429d19", size = 6819317, upload-time = "2023-10-04T17:16:28.32Z" },
    { url = "https://files.pythonhosted.org/packages/4a/15/73eb53513bce1ba5395f02fa19b29bf38a31395876e9323f98bbbba93ee0/astropy-5.3.4-cp312-cp312-win_amd64.whl", hash = "sha256:69f5a3789a8a4cb00815630b63f950be629a983896dc1aba92566ccc7937a77d", size = 6929020, upload-time = "2023-10-04T17:16:30.241Z" },
]

[[package]]
name = "numpy"
version = "1.26.4"
source = { registry = "https://pypi.org/simple" }
sdist = { url = "https://files.pythonhosted.org/packages/65/6e/09db70a523a96d25e115e71cc56a6f9031e7b8cd166c1ac8438307c14058/numpy-1.26.4.tar.gz", hash = "sha256:2a02aba9ed12e4ac4eb3ea9421c420301a0c6460d9830d74a9df87efa4912010", size = 15786129, upload-time = "2024-02-06T00:26:44.495Z" }
wheels = [
    { url = "https://files.pythonhosted.org/packages/95/12/8f2020a8e8b8383ac0177dc9570aad031a3beb12e38847f7129bacd96228/numpy-1.26.4-cp312-cp312-macosx_10_9_x86_64.whl", hash = "sha256:b3ce300f3644fb06443ee2222c2201dd3a89ea6040541412b8fa189341847218", size = 20335901, upload-time = "2024-02-05T23:55:32.801Z" },
    { url = "https://files.pythonhosted.org/packages/75/5b/ca6c8bd14007e5ca171c7c03102d17b4f4e0ceb53957e8c44343a9546dcc/numpy-1.26.4-cp312-cp312-macosx_11_0_arm64.whl", hash = "sha256:03a8c78d01d9781b28a6989f6fa1bb2c4f2d51201cf99d3dd875df6fbd96b23b", size = 13685868, upload-time = "2024-02-05T23:55:56.28Z" },
    { url = "https://files.pythonhosted.org/packages/79/f8/97f10e6755e2a7d027ca783f63044d5b1bc1ae7acb12afe6a9b4286eac17/numpy-1.26.4-cp312-cp312-manylinux_2_17_aarch64.manylinux2014_aarch64.whl", hash = "sha256:9fad7dcb1aac3c7f0584a5a8133e3a43eeb2fe127f47e3632d43d677c66c102b", size = 13925109, upload-time = "2024-02-05T23:56:20.368Z" },
    { url = "https://files.pythonhosted.org/packages/0f/50/de23fde84e45f5c4fda2488c759b69990fd4512387a8632860f3ac9cd225/numpy-1.26.4-cp312-cp312-manylinux_2_17_x86_64.manylinux2014_x86_64.whl", hash = "sha256:675d61ffbfa78604709862923189bad94014bef562cc35cf61d3a07bba02a7ed", size = 17950613, upload-time = "2024-02-05T23:56:56.054Z" },
    { url = "https://files.pythonhosted.org/packages/4c/0c/9c603826b6465e82591e05ca230dfc13376da512b25ccd0894709b054ed0/numpy-1.26.4-cp312-cp312-musllinux_1_1_aarch64.whl", hash = "sha256:ab47dbe5cc8210f55aa58e4805fe224dac469cde56b9f731a4c098b91917159a", size = 13572172, upload-time = "2024-02-05T23:57:21.56Z" },
    { url = "https://files.pythonhosted.org/packages/76/8c/2ba3902e1a0fc1c74962ea9bb33a534bb05984ad7ff9515bf8d07527cadd/numpy-1.26.4-cp312-cp312-musllinux_1_1_x86_64.whl", hash = "sha256:1dda2e7b4ec9dd512f84935c5f126c8bd8b9f2fc001e9f54af255e8c5f16b0e0", size = 17786643, upload-time = "2024-02-05T23:57:56.585Z" },
    { url = "https://files.pythonhosted.org/packages/28/4a/46d9e65106879492374999e76eb85f87b15328e06bd1550668f79f7b18c6/numpy-1.26.4-cp312-cp312-win32.whl", hash = "sha256:50193e430acfc1346175fcbdaa28ffec49947a06918b7b92130744e81e640110", size = 5677803, upload-time = "2024-02-05T23:58:08.963Z" },
    { url = "https://files.pythonhosted.org/packages/16/2e/86f24451c2d530c88daf997cb8d6ac622c1d40d19f5a031ed68a4b73a374/numpy-1.26.4-cp312-cp312-win_amd64.whl", hash = "sha256:08beddf13648eb95f8d867350f6a018a4be2e5ad54c8d8caed89ebca558b2818", size = 15517754, upload-time = "2024-02-05T23:58:36.364Z" },
]

[[package]]
name = "packaging"
version = "25.0"
source = { registry = "https://pypi.org/simple" }
sdist = { url = "https://files.pythonhosted.org/packages/a1/d4/1fc4078c65507b51b96ca8f8c3ba19e6a61c8253c72794544580a7b6c24d/packaging-25.0.tar.gz", hash = "sha256:d443872c98d677bf60f6a1f2f8c1cb748e8fe762d2bf9d3148b5599295b0fc4f", size = 165727, upload-time = "2025-04-19T11:48:59.673Z" }
wheels = [
    { url = "https://files.pythonhosted.org/packages/20/12/38679034af332785aac8774540895e234f4d07f7545804097de4b666afd8/packaging-25.0-py3-none-any.whl", hash = "sha256:29572ef2b1f17581046b3a2227d5c611fb25ec70ca1ba8554b24b0e69331a484", size = 66469, upload-time = "2025-04-19T11:48:57.875Z" },
]

[[package]]
name = "pyerfa"
version = "2.0.1.5"
source = { registry = "https://pypi.org/simple" }
dependencies = [
    { name = "numpy" },
]
sdist = { url = "https://files.pythonhosted.org/packages/71/39/63cc8291b0cf324ae710df41527faf7d331bce573899199d926b3e492260/pyerfa-2.0.1.5.tar.gz", hash = "sha256:17d6b24fe4846c65d5e7d8c362dcb08199dc63b30a236aedd73875cc83e1f6c0", size = 818430, upload-time = "2024-11-11T15:22:30.852Z" }
wheels = [
    { url = "https://files.pythonhosted.org/packages/7d/d9/3448a57cb5bd19950de6d6ab08bd8fbb3df60baa71726de91d73d76c481b/pyerfa-2.0.1.5-cp39-abi3-macosx_10_9_x86_64.whl", hash = "sha256:b282d7c60c4c47cf629c484c17ac504fcb04abd7b3f4dfcf53ee042afc3a5944", size = 341818, upload-time = "2024-11-11T15:22:16.467Z" },
    { url = "https://files.pythonhosted.org/packages/11/4a/31a363370478b63c6289a34743f2ba2d3ae1bd8223e004d18ab28fb92385/pyerfa-2.0.1.5-cp39-abi3-macosx_11_0_arm64.whl", hash = "sha256:be1aeb70390dd03a34faf96749d5cabc58437410b4aab7213c512323932427df", size = 329370, upload-time = "2024-11-11T15:22:17.829Z" },
    { url = "https://files.pythonhosted.org/packages/cb/96/b6210fc624123c8ae13e1eecb68fb75e3f3adff216d95eee1c7b05843e3e/pyerfa-2.0.1.5-cp39-abi3-manylinux_2_17_aarch64.manylinux2014_aarch64.whl", hash = "sha256:b0603e8e1b839327d586c8a627cdc634b795e18b007d84f0cda5500a0908254e", size = 692794, upload-time = "2024-11-11T15:22:19.429Z" },
    { url = "https://files.pythonhosted.org/packages/e5/e0/050018d855d26d3c0b4a7d1b2ed692be758ce276d8289e2a2b44ba1014a5/pyerfa-2.0.1.5-cp39-abi3-manylinux_2_17_x86_64.manylinux2014_x86_64.whl", hash = "sha256:0e43c7194e3242083f2350b46c09fd4bf8ba1bcc0ebd1460b98fc47fe2389906", size = 738711, upload-time = "2024-11-11T15:22:20.661Z" },
    { url = "https://files.pythonhosted.org/packages/b9/f5/ff91ee77308793ae32fa1e1de95e9edd4551456dd888b4e87c5938657ca5/pyerfa-2.0.1.5-cp39-abi3-musllinux_1_2_x86_64.whl", hash = "sha256:07b80cd70701f5d066b1ac8cce406682cfcd667a1186ec7d7ade597239a6021d", size = 722966, upload-time = "2024-11-11T15:22:21.905Z" },
    { url = "https://files.pythonhosted.org/packages/2c/56/b22b35c8551d2228ff8d445e63787112927ca13f6dc9e2c04f69d742c95b/pyerfa-2.0.1.5-cp39-abi3-win32.whl", hash = "sha256:d30b9b0df588ed5467e529d851ea324a67239096dd44703125072fd11b351ea2", size = 339955, upload-time = "2024-11-11T15:22:23.087Z" },
    { url = "https://files.pythonhosted.org/packages/b4/11/97233cf23ad5411ac6f13b1d6ee3888f90ace4f974d9bf9db887aa428912/pyerfa-2.0.1.5-cp39-abi3-win_amd64.whl", hash = "sha256:66292d437dcf75925b694977aa06eb697126e7b86553e620371ed3e48b5e0ad0", size = 349410, upload-time = "2024-11-11T15:22:24.817Z" },
]

[[package]]
name = "pyyaml"
version = "6.0.2"
source = { registry = "https://pypi.org/simple" }
sdist = { url = "https://files.pythonhosted.org/packages/54/ed/79a089b6be93607fa5cdaedf301d7dfb23af5f25c398d5ead2525b063e17/pyyaml-6.0.2.tar.gz", hash = "sha256:d584d9ec91ad65861cc08d42e834324ef890a082e591037abe114850ff7bbc3e", size = 130631, upload-time = "2024-08-06T20:33:50.674Z" }
wheels = [
    { url = "https://files.pythonhosted.org/packages/86/0c/c581167fc46d6d6d7ddcfb8c843a4de25bdd27e4466938109ca68492292c/PyYAML-6.0.2-cp312-cp312-macosx_10_9_x86_64.whl", hash = "sha256:c70c95198c015b85feafc136515252a261a84561b7b1d51e3384e0655ddf25ab", size = 183873, upload-time = "2024-08-06T20:32:25.131Z" },
    { url = "https://files.pythonhosted.org/packages/a8/0c/38374f5bb272c051e2a69281d71cba6fdb983413e6758b84482905e29a5d/PyYAML-6.0.2-cp312-cp312-macosx_11_0_arm64.whl", hash = "sha256:ce826d6ef20b1bc864f0a68340c8b3287705cae2f8b4b1d932177dcc76721725", size = 173302, upload-time = "2024-08-06T20:32:26.511Z" },
    { url = "https://files.pythonhosted.org/packages/c3/93/9916574aa8c00aa06bbac729972eb1071d002b8e158bd0e83a3b9a20a1f7/PyYAML-6.0.2-cp312-cp312-manylinux_2_17_aarch64.manylinux2014_aarch64.whl", hash = "sha256:1f71ea527786de97d1a0cc0eacd1defc0985dcf6b3f17bb77dcfc8c34bec4dc5", size = 739154, upload-time = "2024-08-06T20:32:28.363Z" },
    { url = "https://files.pythonhosted.org/packages/95/0f/b8938f1cbd09739c6da569d172531567dbcc9789e0029aa070856f123984/PyYAML-6.0.2-cp312-cp312-manylinux_2_17_s390x.manylinux2014_s390x.whl", hash = "sha256:9b22676e8097e9e22e36d6b7bda33190d0d400f345f23d4065d48f4ca7ae0425", size = 766223, upload-time = "2024-08-06T20:32:30.058Z" },
    { url = "https://files.pythonhosted.org/packages/b9/2b/614b4752f2e127db5cc206abc23a8c19678e92b23c3db30fc86ab731d3bd/PyYAML-6.0.2-cp312-cp312-manylinux_2_17_x86_64.manylinux2014_x86_64.whl", hash = "sha256:80bab7bfc629882493af4aa31a4cfa43a4c57c83813253626916b8c7ada83476", size = 767542, upload-time = "2024-08-06T20:32:31.881Z" },
    { url = "https://files.pythonhosted.org/packages/d4/00/dd137d5bcc7efea1836d6264f049359861cf548469d18da90cd8216cf05f/PyYAML-6.0.2-cp312-cp312-musllinux_1_1_aarch64.whl", hash = "sha256:0833f8694549e586547b576dcfaba4a6b55b9e96098b36cdc7ebefe667dfed48", size = 731164, upload-time = "2024-08-06T20:32:37.083Z" },
    { url = "https://files.pythonhosted.org/packages/c9/1f/4f998c900485e5c0ef43838363ba4a9723ac0ad73a9dc42068b12aaba4e4/PyYAML-6.0.2-cp312-cp312-musllinux_1_1_x86_64.whl", hash = "sha256:8b9c7197f7cb2738065c481a0461e50ad02f18c78cd75775628afb4d7137fb3b", size = 756611, upload-time = "2024-08-06T20:32:38.898Z" },
    { url = "https://files.pythonhosted.org/packages/df/d1/f5a275fdb252768b7a11ec63585bc38d0e87c9e05668a139fea92b80634c/PyYAML-6.0.2-cp312-cp312-win32.whl", hash = "sha256:ef6107725bd54b262d6dedcc2af448a266975032bc85ef0172c5f059da6325b4", size = 140591, upload-time = "2024-08-06T20:32:40.241Z" },
    { url = "https://files.pythonhosted.org/packages/0c/e8/4f648c598b17c3d06e8753d7d13d57542b30d56e6c2dedf9c331ae56312e/PyYAML-6.0.2-cp312-cp312-win_amd64.whl", hash = "sha256:7e7401d0de89a9a855c839bc697c079a4af81cf878373abd7dc625847d25cbd8", size = 156338, upload-time = "2024-08-06T20:32:41.93Z" },
    { url = "https://files.pythonhosted.org/packages/ef/e3/3af305b830494fa85d95f6d95ef7fa73f2ee1cc8ef5b495c7c3269fb835f/PyYAML-6.0.2-cp313-cp313-macosx_10_13_x86_64.whl", hash = "sha256:efdca5630322a10774e8e98e1af481aad470dd62c3170801852d752aa7a783ba", size = 181309, upload-time = "2024-08-06T20:32:43.4Z" },
    { url = "https://files.pythonhosted.org/packages/45/9f/3b1c20a0b7a3200524eb0076cc027a970d320bd3a6592873c85c92a08731/PyYAML-6.0.2-cp313-cp313-macosx_11_0_arm64.whl", hash = "sha256:50187695423ffe49e2deacb8cd10510bc361faac997de9efef88badc3bb9e2d1", size = 171679, upload-time = "2024-08-06T20:32:44.801Z" },
    { url = "https://files.pythonhosted.org/packages/7c/9a/337322f27005c33bcb656c655fa78325b730324c78620e8328ae28b64d0c/PyYAML-6.0.2-cp313-cp313-manylinux_2_17_aarch64.manylinux2014_aarch64.whl", hash = "sha256:0ffe8360bab4910ef1b9e87fb812d8bc0a308b0d0eef8c8f44e0254ab3b07133", size = 733428, upload-time = "2024-08-06T20:32:46.432Z" },
    { url = "https://files.pythonhosted.org/packages/a3/69/864fbe19e6c18ea3cc196cbe5d392175b4cf3d5d0ac1403ec3f2d237ebb5/PyYAML-6.0.2-cp313-cp313-manylinux_2_17_s390x.manylinux2014_s390x.whl", hash = "sha256:17e311b6c678207928d649faa7cb0d7b4c26a0ba73d41e99c4fff6b6c3276484", size = 763361, upload-time = "2024-08-06T20:32:51.188Z" },
    { url = "https://files.pythonhosted.org/packages/04/24/b7721e4845c2f162d26f50521b825fb061bc0a5afcf9a386840f23ea19fa/PyYAML-6.0.2-cp313-cp313-manylinux_2_17_x86_64.manylinux2014_x86_64.whl", hash = "sha256:70b189594dbe54f75ab3a1acec5f1e3faa7e8cf2f1e08d9b561cb41b845f69d5", size = 759523, upload-time = "2024-08-06T20:32:53.019Z" },
    { url = "https://files.pythonhosted.org/packages/2b/b2/e3234f59ba06559c6ff63c4e10baea10e5e7df868092bf9ab40e5b9c56b6/PyYAML-6.0.2-cp313-cp313-musllinux_1_1_aarch64.whl", hash = "sha256:41e4e3953a79407c794916fa277a82531dd93aad34e29c2a514c2c0c5fe971cc", size = 726660, upload-time = "2024-08-06T20:32:54.708Z" },
    { url = "https://files.pythonhosted.org/packages/fe/0f/25911a9f080464c59fab9027482f822b86bf0608957a5fcc6eaac85aa515/PyYAML-6.0.2-cp313-cp313-musllinux_1_1_x86_64.whl", hash = "sha256:68ccc6023a3400877818152ad9a1033e3db8625d899c72eacb5a668902e4d652", size = 751597, upload-time = "2024-08-06T20:32:56.985Z" },
    { url = "https://files.pythonhosted.org/packages/14/0d/e2c3b43bbce3cf6bd97c840b46088a3031085179e596d4929729d8d68270/PyYAML-6.0.2-cp313-cp313-win32.whl", hash = "sha256:bc2fa7c6b47d6bc618dd7fb02ef6fdedb1090ec036abab80d4681424b84c1183", size = 140527, upload-time = "2024-08-06T20:33:03.001Z" },
    { url = "https://files.pythonhosted.org/packages/fa/de/02b54f42487e3d3c6efb3f89428677074ca7bf43aae402517bc7cca949f3/PyYAML-6.0.2-cp313-cp313-win_amd64.whl", hash = "sha256:8388ee1976c416731879ac16da0aff3f63b286ffdd57cdeb95f3f2e085687563", size = 156446, upload-time = "2024-08-06T20:33:04.33Z" },
]

[[package]]
name = "sysml-v2"
version = "0.1.0"
source = { virtual = "." }
dependencies = [
    { name = "sysml2py" },
]

[package.metadata]
requires-dist = [{ name = "sysml2py", specifier = ">=0.5.3" }]

[[package]]
name = "sysml2py"
version = "0.5.3"
source = { registry = "https://pypi.org/simple" }
dependencies = [
    { name = "astropy" },
    { name = "pyyaml" },
    { name = "textx" },
]
sdist = { url = "https://files.pythonhosted.org/packages/0b/20/03fc7d4a6a62679771e5ec218884160b6fa8b1e3bcd1cfc640e7c4979ec7/sysml2py-0.5.3.tar.gz", hash = "sha256:500fe7a63c01ac02d224f5903395641c9a45a3ce34315f83fb93ab208369dab2", size = 73834, upload-time = "2024-05-30T03:39:59.732Z" }
wheels = [
    { url = "https://files.pythonhosted.org/packages/51/35/e079ff4634494b2c11cbd70670327b820fc0db1340af4db8a10b6447f490/sysml2py-0.5.3-py3-none-any.whl", hash = "sha256:d672faf110c3876e9fd678b75724b9035ea2b1144e9716b3bfae51dbae4379f1", size = 79487, upload-time = "2024-05-30T03:39:57.862Z" },
]

[[package]]
name = "textx"
version = "3.1.1"
source = { registry = "https://pypi.org/simple" }
dependencies = [
    { name = "arpeggio" },
]
sdist = { url = "https://files.pythonhosted.org/packages/32/e5/04de728335471537acd49a5ca025e697b7b303e40d46facf143294b5a989/textX-3.1.1.tar.gz", hash = "sha256:e2fb7d090ea4a71f8bf2f0303770275c42a5f73854b4e7f6adfcdbe368fab0fa", size = 1830865, upload-time = "2023-02-10T11:23:26.47Z" }
wheels = [
    { url = "https://files.pythonhosted.org/packages/26/60/4ee3bde0b0e511a7a900b31c1312290562ec88e9bac6c49d82b6842ba46e/textX-3.1.1-py2.py3-none-any.whl", hash = "sha256:1f2bd936309f5f9092567e3f5a0c513d8292d5852c63a72096fe5a57018d0f50", size = 67777, upload-time = "2023-02-10T11:23:20.873Z" },
]
